
Microsoft Visual Studio Solution File, Format Version 12.00
# Visual Studio 2013
VisualStudioVersion = 12.0.40629.0
MinimumVisualStudioVersion = 10.0.40219.1
Project("{FAE04EC0-301F-11D3-BF4B-00C04F79EFBC}") = "PreQualificationApp", "PreQualificationApp\PreQualificationApp.csproj", "{93FDD698-335E-4E13-AF2B-0CBFDE9A1AB3}"
EndProject
Project("{2150E333-8FDC-42A3-9474-1A3956D46DE8}") = ".nuget", ".nuget", "{F65B2AA0-A525-4E80-8DA4-35D4A232D856}"
EndProject
Global
	GlobalSection(SolutionConfigurationPlatforms) = preSolution
		Debug|Any CPU = Debug|Any CPU
		Release|Any CPU = Release|Any CPU
	EndGlobalSection
	GlobalSection(ProjectConfigurationPlatforms) = postSolution
		{93FDD698-335E-4E13-AF2B-0CBFDE9A1AB3}.Debug|Any CPU.ActiveCfg = Debug|Any CPU
		{93FDD698-335E-4E13-AF2B-0CBFDE9A1AB3}.Debug|Any CPU.Build.0 = Debug|Any CPU
		{93FDD698-335E-4E13-AF2B-0CBFDE9A1AB3}.Release|Any CPU.ActiveCfg = Release|Any CPU
		{93FDD698-335E-4E13-AF2B-0CBFDE9A1AB3}.Release|Any CPU.Build.0 = Release|Any CPU
	EndGlobalSection
	GlobalSection(SolutionProperties) = preSolution
		HideSolutionNode = FALSE
	EndGlobalSection
EndGlobal
